// !$*UTF8*$!
{
	archiveVersion = 1;
	classes = {
	};
	objectVersion = 46;
	objects = {

/* Begin PBXBuildFile section */
		90205F68189A811700B117A8 /* Makefile in Sources */ = {isa = PBXBuildFile; fileRef = 90205F66189A811700B117A8 /* Makefile */; };
		9021DF60189A80D6004DF0D7 /* main.cpp in Sources */ = {isa = PBXBuildFile; fileRef = 9021DF5F189A80D6004DF0D7 /* main.cpp */; };
		BFF6713C8889D81816CA5B20 /* Tank.cpp in Sources */ = {isa = PBXBuildFile; fileRef = BFF67B8FC377CF205A5B8BA4 /* Tank.cpp */; };
		BFF6717E193E7E3AFE09C938 /* Map.cpp in Sources */ = {isa = PBXBuildFile; fileRef = BFF674A2A42B8AD57679B6AA /* Map.cpp */; };
		BFF671D0F7C44CA987F272F5 /* Turret.cpp in Sources */ = {isa = PBXBuildFile; fileRef = BFF67D4A90D79DC60A511A46 /* Turret.cpp */; };
		BFF672C38C502BFEFDDB567E /* Level1.cpp in Sources */ = {isa = PBXBuildFile; fileRef = BFF6791E1713CF125E3A71D5 /* Level1.cpp */; };
		BFF672DF4CB258D5EFA05C86 /* Level.cpp in Sources */ = {isa = PBXBuildFile; fileRef = BFF678CB23178B4961323C9E /* Level.cpp */; };
		BFF674530D9C8E22E03FB7E1 /* Game.cpp in Sources */ = {isa = PBXBuildFile; fileRef = BFF6725000F05F664DD69410 /* Game.cpp */; };
		BFF67799C235233539214A2D /* Exit.cpp in Sources */ = {isa = PBXBuildFile; fileRef = BFF678E08E227025FE208292 /* Exit.cpp */; };
		BFF679C7776AF6C46F5685A1 /* Entrance.cpp in Sources */ = {isa = PBXBuildFile; fileRef = BFF67DBA01C3883E095DD0FF /* Entrance.cpp */; };
		BFF67C24150BAE03E192330A /* MapElement.cpp in Sources */ = {isa = PBXBuildFile; fileRef = BFF67C3A5719883BC64214D0 /* MapElement.cpp */; };
		BFF67EF08EC11AFB150A328F /* PathElement.cpp in Sources */ = {isa = PBXBuildFile; fileRef = BFF67AD8CBE859E33EB3A133 /* PathElement.cpp */; };
/* End PBXBuildFile section */

/* Begin PBXCopyFilesBuildPhase section */
		9021DF50189A806D004DF0D7 /* CopyFiles */ = {
			isa = PBXCopyFilesBuildPhase;
			buildActionMask = 2147483647;
			dstPath = /usr/share/man/man1/;
			dstSubfolderSpec = 0;
			files = (
			);
			runOnlyForDeploymentPostprocessing = 1;
		};
/* End PBXCopyFilesBuildPhase section */

/* Begin PBXFileReference section */
		90205F66189A811700B117A8 /* Makefile */ = {isa = PBXFileReference; fileEncoding = 4; lastKnownFileType = sourcecode.make; path = Makefile; sourceTree = "<group>"; };
		90205F67189A811700B117A8 /* README.md */ = {isa = PBXFileReference; fileEncoding = 4; lastKnownFileType = text; path = README.md; sourceTree = "<group>"; };
		9021DF5F189A80D6004DF0D7 /* main.cpp */ = {isa = PBXFileReference; fileEncoding = 4; lastKnownFileType = sourcecode.cpp.cpp; path = main.cpp; sourceTree = "<group>"; };
		BFF6725000F05F664DD69410 /* Game.cpp */ = {isa = PBXFileReference; fileEncoding = 4; lastKnownFileType = sourcecode.cpp.cpp; path = Game.cpp; sourceTree = "<group>"; };
		BFF672EF1A75EC56F1A836B4 /* Game.h */ = {isa = PBXFileReference; fileEncoding = 4; lastKnownFileType = sourcecode.c.h; path = Game.h; sourceTree = "<group>"; };
		BFF674A2A42B8AD57679B6AA /* Map.cpp */ = {isa = PBXFileReference; fileEncoding = 4; lastKnownFileType = sourcecode.cpp.cpp; path = Map.cpp; sourceTree = "<group>"; };
		BFF674C938EE6A99A4FC1832 /* Map.h */ = {isa = PBXFileReference; fileEncoding = 4; lastKnownFileType = sourcecode.c.h; path = Map.h; sourceTree = "<group>"; };
		BFF675DD22AD03F1FB113BD3 /* PathElement.h */ = {isa = PBXFileReference; fileEncoding = 4; lastKnownFileType = sourcecode.c.h; path = PathElement.h; sourceTree = "<group>"; };
		BFF6769FD9E12C7BB625C462 /* MapElement.h */ = {isa = PBXFileReference; fileEncoding = 4; lastKnownFileType = sourcecode.c.h; path = MapElement.h; sourceTree = "<group>"; };
		BFF678CB23178B4961323C9E /* Level.cpp */ = {isa = PBXFileReference; fileEncoding = 4; lastKnownFileType = sourcecode.cpp.cpp; path = Level.cpp; sourceTree = "<group>"; };
		BFF678E08E227025FE208292 /* Exit.cpp */ = {isa = PBXFileReference; fileEncoding = 4; lastKnownFileType = sourcecode.cpp.cpp; path = Exit.cpp; sourceTree = "<group>"; };
		BFF6791E1713CF125E3A71D5 /* Level1.cpp */ = {isa = PBXFileReference; fileEncoding = 4; lastKnownFileType = sourcecode.cpp.cpp; path = Level1.cpp; sourceTree = "<group>"; };
		BFF67A0DF9418B7DDBC9A755 /* Turret.h */ = {isa = PBXFileReference; fileEncoding = 4; lastKnownFileType = sourcecode.c.h; path = Turret.h; sourceTree = "<group>"; };
		BFF67A10614E14CDAEAC56EA /* Level.h */ = {isa = PBXFileReference; fileEncoding = 4; lastKnownFileType = sourcecode.c.h; path = Level.h; sourceTree = "<group>"; };
		BFF67AD8CBE859E33EB3A133 /* PathElement.cpp */ = {isa = PBXFileReference; fileEncoding = 4; lastKnownFileType = sourcecode.cpp.cpp; path = PathElement.cpp; sourceTree = "<group>"; };
		BFF67B8FC377CF205A5B8BA4 /* Tank.cpp */ = {isa = PBXFileReference; fileEncoding = 4; lastKnownFileType = sourcecode.cpp.cpp; path = Tank.cpp; sourceTree = "<group>"; };
		BFF67C3A5719883BC64214D0 /* MapElement.cpp */ = {isa = PBXFileReference; fileEncoding = 4; lastKnownFileType = sourcecode.cpp.cpp; path = MapElement.cpp; sourceTree = "<group>"; };
		BFF67D4A90D79DC60A511A46 /* Turret.cpp */ = {isa = PBXFileReference; fileEncoding = 4; lastKnownFileType = sourcecode.cpp.cpp; path = Turret.cpp; sourceTree = "<group>"; };
		BFF67DBA01C3883E095DD0FF /* Entrance.cpp */ = {isa = PBXFileReference; fileEncoding = 4; lastKnownFileType = sourcecode.cpp.cpp; path = Entrance.cpp; sourceTree = "<group>"; };
		BFF67E100CB6A258353D4CEA /* Level1.h */ = {isa = PBXFileReference; fileEncoding = 4; lastKnownFileType = sourcecode.c.h; path = Level1.h; sourceTree = "<group>"; };
		BFF67E5D44C3B2A6ACBA12E1 /* Tank.h */ = {isa = PBXFileReference; fileEncoding = 4; lastKnownFileType = sourcecode.c.h; path = Tank.h; sourceTree = "<group>"; };
		BFF67E7F93BC7C7217F6D45B /* Exit.h */ = {isa = PBXFileReference; fileEncoding = 4; lastKnownFileType = sourcecode.c.h; path = Exit.h; sourceTree = "<group>"; };
		BFF67EAD83B472E703DE8180 /* Entrance.h */ = {isa = PBXFileReference; fileEncoding = 4; lastKnownFileType = sourcecode.c.h; path = Entrance.h; sourceTree = "<group>"; };
/* End PBXFileReference section */

/* Begin PBXFrameworksBuildPhase section */
		9021DF4F189A806D004DF0D7 /* Frameworks */ = {
			isa = PBXFrameworksBuildPhase;
			buildActionMask = 2147483647;
			files = (
			);
			runOnlyForDeploymentPostprocessing = 0;
		};
/* End PBXFrameworksBuildPhase section */

/* Begin PBXGroup section */
		9021DF49189A806D004DF0D7 = {
			isa = PBXGroup;
			children = (
				90205F66189A811700B117A8 /* Makefile */,
				90205F67189A811700B117A8 /* README.md */,
				9021DF5E189A80D6004DF0D7 /* src */,
			);
			sourceTree = "<group>";
		};
		9021DF5E189A80D6004DF0D7 /* src */ = {
			isa = PBXGroup;
			children = (
				9021DF5F189A80D6004DF0D7 /* main.cpp */,
				BFF6725000F05F664DD69410 /* Game.cpp */,
				BFF672EF1A75EC56F1A836B4 /* Game.h */,
				BFF674A2A42B8AD57679B6AA /* Map.cpp */,
				BFF674C938EE6A99A4FC1832 /* Map.h */,
				BFF67C3A5719883BC64214D0 /* MapElement.cpp */,
				BFF6769FD9E12C7BB625C462 /* MapElement.h */,
				BFF67D4A90D79DC60A511A46 /* Turret.cpp */,
				BFF67A0DF9418B7DDBC9A755 /* Turret.h */,
				BFF67DBA01C3883E095DD0FF /* Entrance.cpp */,
				BFF67EAD83B472E703DE8180 /* Entrance.h */,
				BFF678E08E227025FE208292 /* Exit.cpp */,
				BFF67E7F93BC7C7217F6D45B /* Exit.h */,
				BFF67B8FC377CF205A5B8BA4 /* Tank.cpp */,
				BFF67E5D44C3B2A6ACBA12E1 /* Tank.h */,
				BFF678CB23178B4961323C9E /* Level.cpp */,
				BFF67A10614E14CDAEAC56EA /* Level.h */,
				BFF6791E1713CF125E3A71D5 /* Level1.cpp */,
				BFF67E100CB6A258353D4CEA /* Level1.h */,
				BFF67AD8CBE859E33EB3A133 /* PathElement.cpp */,
				BFF675DD22AD03F1FB113BD3 /* PathElement.h */,
			);
			path = src;
			sourceTree = "<group>";
		};
/* End PBXGroup section */

/* Begin PBXNativeTarget section */
		9021DF51189A806D004DF0D7 /* PROI-LAB3 */ = {
			isa = PBXNativeTarget;
			buildConfigurationList = 9021DF5B189A806D004DF0D7 /* Build configuration list for PBXNativeTarget "PROI-LAB3" */;
			buildPhases = (
				9021DF4E189A806D004DF0D7 /* Sources */,
				9021DF4F189A806D004DF0D7 /* Frameworks */,
				9021DF50189A806D004DF0D7 /* CopyFiles */,
			);
			buildRules = (
			);
			dependencies = (
			);
			name = "PROI-LAB3";
			productName = "PROI-LAB3";
			productType = "com.apple.product-type.tool";
		};
/* End PBXNativeTarget section */

/* Begin PBXProject section */
		9021DF4A189A806D004DF0D7 /* Project object */ = {
			isa = PBXProject;
			attributes = {
				LastUpgradeCheck = 0500;
				ORGANIZATIONNAME = "Michal Swietochowski";
			};
			buildConfigurationList = 9021DF4D189A806D004DF0D7 /* Build configuration list for PBXProject "PROI-LAB3" */;
			compatibilityVersion = "Xcode 3.2";
			developmentRegion = English;
			hasScannedForEncodings = 0;
			knownRegions = (
				en,
			);
			mainGroup = 9021DF49189A806D004DF0D7;
			projectDirPath = "";
			projectRoot = "";
			targets = (
				9021DF51189A806D004DF0D7 /* PROI-LAB3 */,
			);
		};
/* End PBXProject section */

/* Begin PBXSourcesBuildPhase section */
		9021DF4E189A806D004DF0D7 /* Sources */ = {
			isa = PBXSourcesBuildPhase;
			buildActionMask = 2147483647;
			files = (
				90205F68189A811700B117A8 /* Makefile in Sources */,
				9021DF60189A80D6004DF0D7 /* main.cpp in Sources */,
				BFF674530D9C8E22E03FB7E1 /* Game.cpp in Sources */,
				BFF6717E193E7E3AFE09C938 /* Map.cpp in Sources */,
				BFF67C24150BAE03E192330A /* MapElement.cpp in Sources */,
				BFF671D0F7C44CA987F272F5 /* Turret.cpp in Sources */,
				BFF679C7776AF6C46F5685A1 /* Entrance.cpp in Sources */,
				BFF67799C235233539214A2D /* Exit.cpp in Sources */,
				BFF6713C8889D81816CA5B20 /* Tank.cpp in Sources */,
				BFF672DF4CB258D5EFA05C86 /* Level.cpp in Sources */,
				BFF672C38C502BFEFDDB567E /* Level1.cpp in Sources */,
				BFF67EF08EC11AFB150A328F /* PathElement.cpp in Sources */,
			);
			runOnlyForDeploymentPostprocessing = 0;
		};
/* End PBXSourcesBuildPhase section */

/* Begin XCBuildConfiguration section */
		9021DF59189A806D004DF0D7 /* Debug */ = {
			isa = XCBuildConfiguration;
			buildSettings = {
				ALWAYS_SEARCH_USER_PATHS = NO;
				CLANG_CXX_LANGUAGE_STANDARD = "gnu++0x";
				CLANG_CXX_LIBRARY = "libc++";
				CLANG_ENABLE_OBJC_ARC = YES;
				CLANG_WARN_BOOL_CONVERSION = YES;
				CLANG_WARN_CONSTANT_CONVERSION = YES;
				CLANG_WARN_DIRECT_OBJC_ISA_USAGE = YES_ERROR;
				CLANG_WARN_EMPTY_BODY = YES;
				CLANG_WARN_ENUM_CONVERSION = YES;
				CLANG_WARN_INT_CONVERSION = YES;
				CLANG_WARN_OBJC_ROOT_CLASS = YES_ERROR;
				CLANG_WARN__DUPLICATE_METHOD_MATCH = YES;
				COPY_PHASE_STRIP = NO;
				GCC_C_LANGUAGE_STANDARD = gnu99;
				GCC_DYNAMIC_NO_PIC = NO;
				GCC_ENABLE_OBJC_EXCEPTIONS = YES;
				GCC_OPTIMIZATION_LEVEL = 0;
				GCC_PREPROCESSOR_DEFINITIONS = (
					"DEBUG=1",
					"$(inherited)",
				);
				GCC_SYMBOLS_PRIVATE_EXTERN = NO;
				GCC_WARN_64_TO_32_BIT_CONVERSION = YES;
				GCC_WARN_ABOUT_RETURN_TYPE = YES_ERROR;
				GCC_WARN_UNDECLARED_SELECTOR = YES;
				GCC_WARN_UNINITIALIZED_AUTOS = YES;
				GCC_WARN_UNUSED_FUNCTION = YES;
				GCC_WARN_UNUSED_VARIABLE = YES;
				MACOSX_DEPLOYMENT_TARGET = 10.9;
				ONLY_ACTIVE_ARCH = YES;
				SDKROOT = macosx;
			};
			name = Debug;
		};
		9021DF5A189A806D004DF0D7 /* Release */ = {
			isa = XCBuildConfiguration;
			buildSettings = {
				ALWAYS_SEARCH_USER_PATHS = NO;
				CLANG_CXX_LANGUAGE_STANDARD = "gnu++0x";
				CLANG_CXX_LIBRARY = "libc++";
				CLANG_ENABLE_OBJC_ARC = YES;
				CLANG_WARN_BOOL_CONVERSION = YES;
				CLANG_WARN_CONSTANT_CONVERSION = YES;
				CLANG_WARN_DIRECT_OBJC_ISA_USAGE = YES_ERROR;
				CLANG_WARN_EMPTY_BODY = YES;
				CLANG_WARN_ENUM_CONVERSION = YES;
				CLANG_WARN_INT_CONVERSION = YES;
				CLANG_WARN_OBJC_ROOT_CLASS = YES_ERROR;
				CLANG_WARN__DUPLICATE_METHOD_MATCH = YES;
				COPY_PHASE_STRIP = YES;
				DEBUG_INFORMATION_FORMAT = "dwarf-with-dsym";
				ENABLE_NS_ASSERTIONS = NO;
				GCC_C_LANGUAGE_STANDARD = gnu99;
				GCC_ENABLE_OBJC_EXCEPTIONS = YES;
				GCC_WARN_64_TO_32_BIT_CONVERSION = YES;
				GCC_WARN_ABOUT_RETURN_TYPE = YES_ERROR;
				GCC_WARN_UNDECLARED_SELECTOR = YES;
				GCC_WARN_UNINITIALIZED_AUTOS = YES;
				GCC_WARN_UNUSED_FUNCTION = YES;
				GCC_WARN_UNUSED_VARIABLE = YES;
				MACOSX_DEPLOYMENT_TARGET = 10.9;
				SDKROOT = macosx;
			};
			name = Release;
		};
		9021DF5C189A806D004DF0D7 /* Debug */ = {
			isa = XCBuildConfiguration;
			buildSettings = {
				PRODUCT_NAME = "$(TARGET_NAME)";
			};
			name = Debug;
		};
		9021DF5D189A806D004DF0D7 /* Release */ = {
			isa = XCBuildConfiguration;
			buildSettings = {
				PRODUCT_NAME = "$(TARGET_NAME)";
			};
			name = Release;
		};
/* End XCBuildConfiguration section */

/* Begin XCConfigurationList section */
		9021DF4D189A806D004DF0D7 /* Build configuration list for PBXProject "PROI-LAB3" */ = {
			isa = XCConfigurationList;
			buildConfigurations = (
				9021DF59189A806D004DF0D7 /* Debug */,
				9021DF5A189A806D004DF0D7 /* Release */,
			);
			defaultConfigurationIsVisible = 0;
			defaultConfigurationName = Release;
		};
		9021DF5B189A806D004DF0D7 /* Build configuration list for PBXNativeTarget "PROI-LAB3" */ = {
			isa = XCConfigurationList;
			buildConfigurations = (
				9021DF5C189A806D004DF0D7 /* Debug */,
				9021DF5D189A806D004DF0D7 /* Release */,
			);
			defaultConfigurationIsVisible = 0;
			defaultConfigurationName = Release;
		};
/* End XCConfigurationList section */
	};
	rootObject = 9021DF4A189A806D004DF0D7 /* Project object */;
}
